
Microsoft Visual Studio Solution File, Format Version 12.00
# Visual Studio Version 17
VisualStudioVersion = 17.0.31903.59
MinimumVisualStudioVersion = 10.0.40219.1
Project("{9A19103F-16F7-4668-BE54-9A1E7A4F7556}") = "BluetoothChargeCheck", "BluetoothChargeCheck\BluetoothChargeCheck.csproj", "{8904CC61-E942-45CE-9978-8BBFB14C0588}"
EndProject
Project("{C7167F0D-BC9F-4E6E-AFE1-012C56B48DB5}") = "BluetoothChargeCheck.Package", "BluetoothChargeCheck.Package\BluetoothChargeCheck.Package.wapproj", "{B472EEA0-AF6D-4422-AFEC-A52F73D6AC72}"
EndProject
Project("{2150E333-8FDC-42A3-9474-1A3956D46DE8}") = "Solution Items", "Solution Items", "{4E46AAB3-19D6-4D24-9573-D02B13EB9642}"
	ProjectSection(SolutionItems) = preProject
		.editorconfig = .editorconfig
	EndProjectSection
EndProject
Project("{9A19103F-16F7-4668-BE54-9A1E7A4F7556}") = "BluetoothChargeCheck.Models", "BluetoothChargeCheck.Models\BluetoothChargeCheck.Models.csproj", "{344D0DDA-74B0-4443-AF4E-CE6A55A0123B}"
EndProject
Project("{9A19103F-16F7-4668-BE54-9A1E7A4F7556}") = "BluetoothChargeCheck.ViewModels", "BluetoothChargeCheck.ViewModels\BluetoothChargeCheck.ViewModels.csproj", "{7D85E163-EBD0-4533-8658-00EE482CADD9}"
EndProject
Project("{9A19103F-16F7-4668-BE54-9A1E7A4F7556}") = "BluetoothChargeCheck.Resources", "BluetoothChargeCheck.Resources\BluetoothChargeCheck.Resources.csproj", "{630107FB-2FA9-4AA8-AF73-7FCBA70AE230}"
EndProject
Project("{9A19103F-16F7-4668-BE54-9A1E7A4F7556}") = "BluetoothChargeCheck.Core", "BluetoothChargeCheck.Core\BluetoothChargeCheck.Core.csproj", "{7AFA07E0-9D11-41AC-B061-0E20180713A1}"
EndProject
Global
	GlobalSection(SolutionConfigurationPlatforms) = preSolution
		Debug|Any CPU = Debug|Any CPU
		Debug|ARM = Debug|ARM
		Debug|ARM64 = Debug|ARM64
		Debug|x64 = Debug|x64
		Debug|x86 = Debug|x86
		Release|Any CPU = Release|Any CPU
		Release|ARM = Release|ARM
		Release|ARM64 = Release|ARM64
		Release|x64 = Release|x64
		Release|x86 = Release|x86
	EndGlobalSection
	GlobalSection(ProjectConfigurationPlatforms) = postSolution
		{8904CC61-E942-45CE-9978-8BBFB14C0588}.Debug|Any CPU.ActiveCfg = Debug|Any CPU
		{8904CC61-E942-45CE-9978-8BBFB14C0588}.Debug|Any CPU.Build.0 = Debug|Any CPU
		{8904CC61-E942-45CE-9978-8BBFB14C0588}.Debug|ARM.ActiveCfg = Debug|Any CPU
		{8904CC61-E942-45CE-9978-8BBFB14C0588}.Debug|ARM.Build.0 = Debug|Any CPU
		{8904CC61-E942-45CE-9978-8BBFB14C0588}.Debug|ARM64.ActiveCfg = Debug|Any CPU
		{8904CC61-E942-45CE-9978-8BBFB14C0588}.Debug|ARM64.Build.0 = Debug|Any CPU
		{8904CC61-E942-45CE-9978-8BBFB14C0588}.Debug|x64.ActiveCfg = Debug|Any CPU
		{8904CC61-E942-45CE-9978-8BBFB14C0588}.Debug|x64.Build.0 = Debug|Any CPU
		{8904CC61-E942-45CE-9978-8BBFB14C0588}.Debug|x86.ActiveCfg = Debug|Any CPU
		{8904CC61-E942-45CE-9978-8BBFB14C0588}.Debug|x86.Build.0 = Debug|Any CPU
		{8904CC61-E942-45CE-9978-8BBFB14C0588}.Release|Any CPU.ActiveCfg = Release|Any CPU
		{8904CC61-E942-45CE-9978-8BBFB14C0588}.Release|Any CPU.Build.0 = Release|Any CPU
		{8904CC61-E942-45CE-9978-8BBFB14C0588}.Release|ARM.ActiveCfg = Release|Any CPU
		{8904CC61-E942-45CE-9978-8BBFB14C0588}.Release|ARM.Build.0 = Release|Any CPU
		{8904CC61-E942-45CE-9978-8BBFB14C0588}.Release|ARM64.ActiveCfg = Release|Any CPU
		{8904CC61-E942-45CE-9978-8BBFB14C0588}.Release|ARM64.Build.0 = Release|Any CPU
		{8904CC61-E942-45CE-9978-8BBFB14C0588}.Release|x64.ActiveCfg = Release|Any CPU
		{8904CC61-E942-45CE-9978-8BBFB14C0588}.Release|x64.Build.0 = Release|Any CPU
		{8904CC61-E942-45CE-9978-8BBFB14C0588}.Release|x86.ActiveCfg = Release|Any CPU
		{8904CC61-E942-45CE-9978-8BBFB14C0588}.Release|x86.Build.0 = Release|Any CPU
		{B472EEA0-AF6D-4422-AFEC-A52F73D6AC72}.Debug|Any CPU.ActiveCfg = Debug|Any CPU
		{B472EEA0-AF6D-4422-AFEC-A52F73D6AC72}.Debug|Any CPU.Build.0 = Debug|Any CPU
		{B472EEA0-AF6D-4422-AFEC-A52F73D6AC72}.Debug|Any CPU.Deploy.0 = Debug|Any CPU
		{B472EEA0-AF6D-4422-AFEC-A52F73D6AC72}.Debug|ARM.ActiveCfg = Debug|ARM
		{B472EEA0-AF6D-4422-AFEC-A52F73D6AC72}.Debug|ARM.Build.0 = Debug|ARM
		{B472EEA0-AF6D-4422-AFEC-A52F73D6AC72}.Debug|ARM.Deploy.0 = Debug|ARM
		{B472EEA0-AF6D-4422-AFEC-A52F73D6AC72}.Debug|ARM64.ActiveCfg = Debug|ARM64
		{B472EEA0-AF6D-4422-AFEC-A52F73D6AC72}.Debug|ARM64.Build.0 = Debug|ARM64
		{B472EEA0-AF6D-4422-AFEC-A52F73D6AC72}.Debug|ARM64.Deploy.0 = Debug|ARM64
		{B472EEA0-AF6D-4422-AFEC-A52F73D6AC72}.Debug|x64.ActiveCfg = Debug|x64
		{B472EEA0-AF6D-4422-AFEC-A52F73D6AC72}.Debug|x64.Build.0 = Debug|x64
		{B472EEA0-AF6D-4422-AFEC-A52F73D6AC72}.Debug|x64.Deploy.0 = Debug|x64
		{B472EEA0-AF6D-4422-AFEC-A52F73D6AC72}.Debug|x86.ActiveCfg = Debug|x86
		{B472EEA0-AF6D-4422-AFEC-A52F73D6AC72}.Debug|x86.Build.0 = Debug|x86
		{B472EEA0-AF6D-4422-AFEC-A52F73D6AC72}.Debug|x86.Deploy.0 = Debug|x86
		{B472EEA0-AF6D-4422-AFEC-A52F73D6AC72}.Release|Any CPU.ActiveCfg = Release|Any CPU
		{B472EEA0-AF6D-4422-AFEC-A52F73D6AC72}.Release|Any CPU.Build.0 = Release|Any CPU
		{B472EEA0-AF6D-4422-AFEC-A52F73D6AC72}.Release|Any CPU.Deploy.0 = Release|Any CPU
		{B472EEA0-AF6D-4422-AFEC-A52F73D6AC72}.Release|ARM.ActiveCfg = Release|ARM
		{B472EEA0-AF6D-4422-AFEC-A52F73D6AC72}.Release|ARM.Build.0 = Release|ARM
		{B472EEA0-AF6D-4422-AFEC-A52F73D6AC72}.Release|ARM.Deploy.0 = Release|ARM
		{B472EEA0-AF6D-4422-AFEC-A52F73D6AC72}.Release|ARM64.ActiveCfg = Release|ARM64
		{B472EEA0-AF6D-4422-AFEC-A52F73D6AC72}.Release|ARM64.Build.0 = Release|ARM64
		{B472EEA0-AF6D-4422-AFEC-A52F73D6AC72}.Release|ARM64.Deploy.0 = Release|ARM64
		{B472EEA0-AF6D-4422-AFEC-A52F73D6AC72}.Release|x64.ActiveCfg = Release|x64
		{B472EEA0-AF6D-4422-AFEC-A52F73D6AC72}.Release|x64.Build.0 = Release|x64
		{B472EEA0-AF6D-4422-AFEC-A52F73D6AC72}.Release|x64.Deploy.0 = Release|x64
		{B472EEA0-AF6D-4422-AFEC-A52F73D6AC72}.Release|x86.ActiveCfg = Release|x86
		{B472EEA0-AF6D-4422-AFEC-A52F73D6AC72}.Release|x86.Build.0 = Release|x86
		{B472EEA0-AF6D-4422-AFEC-A52F73D6AC72}.Release|x86.Deploy.0 = Release|x86
		{344D0DDA-74B0-4443-AF4E-CE6A55A0123B}.Debug|Any CPU.ActiveCfg = Debug|Any CPU
		{344D0DDA-74B0-4443-AF4E-CE6A55A0123B}.Debug|Any CPU.Build.0 = Debug|Any CPU
		{344D0DDA-74B0-4443-AF4E-CE6A55A0123B}.Debug|ARM.ActiveCfg = Debug|Any CPU
		{344D0DDA-74B0-4443-AF4E-CE6A55A0123B}.Debug|ARM.Build.0 = Debug|Any CPU
		{344D0DDA-74B0-4443-AF4E-CE6A55A0123B}.Debug|ARM64.ActiveCfg = Debug|Any CPU
		{344D0DDA-74B0-4443-AF4E-CE6A55A0123B}.Debug|ARM64.Build.0 = Debug|Any CPU
		{344D0DDA-74B0-4443-AF4E-CE6A55A0123B}.Debug|x64.ActiveCfg = Debug|Any CPU
		{344D0DDA-74B0-4443-AF4E-CE6A55A0123B}.Debug|x64.Build.0 = Debug|Any CPU
		{344D0DDA-74B0-4443-AF4E-CE6A55A0123B}.Debug|x86.ActiveCfg = Debug|Any CPU
		{344D0DDA-74B0-4443-AF4E-CE6A55A0123B}.Debug|x86.Build.0 = Debug|Any CPU
		{344D0DDA-74B0-4443-AF4E-CE6A55A0123B}.Release|Any CPU.ActiveCfg = Release|Any CPU
		{344D0DDA-74B0-4443-AF4E-CE6A55A0123B}.Release|Any CPU.Build.0 = Release|Any CPU
		{344D0DDA-74B0-4443-AF4E-CE6A55A0123B}.Release|ARM.ActiveCfg = Release|Any CPU
		{344D0DDA-74B0-4443-AF4E-CE6A55A0123B}.Release|ARM.Build.0 = Release|Any CPU
		{344D0DDA-74B0-4443-AF4E-CE6A55A0123B}.Release|ARM64.ActiveCfg = Release|Any CPU
		{344D0DDA-74B0-4443-AF4E-CE6A55A0123B}.Release|ARM64.Build.0 = Release|Any CPU
		{344D0DDA-74B0-4443-AF4E-CE6A55A0123B}.Release|x64.ActiveCfg = Release|Any CPU
		{344D0DDA-74B0-4443-AF4E-CE6A55A0123B}.Release|x64.Build.0 = Release|Any CPU
		{344D0DDA-74B0-4443-AF4E-CE6A55A0123B}.Release|x86.ActiveCfg = Release|Any CPU
		{344D0DDA-74B0-4443-AF4E-CE6A55A0123B}.Release|x86.Build.0 = Release|Any CPU
		{7D85E163-EBD0-4533-8658-00EE482CADD9}.Debug|Any CPU.ActiveCfg = Debug|Any CPU
		{7D85E163-EBD0-4533-8658-00EE482CADD9}.Debug|Any CPU.Build.0 = Debug|Any CPU
		{7D85E163-EBD0-4533-8658-00EE482CADD9}.Debug|ARM.ActiveCfg = Debug|Any CPU
		{7D85E163-EBD0-4533-8658-00EE482CADD9}.Debug|ARM.Build.0 = Debug|Any CPU
		{7D85E163-EBD0-4533-8658-00EE482CADD9}.Debug|ARM64.ActiveCfg = Debug|Any CPU
		{7D85E163-EBD0-4533-8658-00EE482CADD9}.Debug|ARM64.Build.0 = Debug|Any CPU
		{7D85E163-EBD0-4533-8658-00EE482CADD9}.Debug|x64.ActiveCfg = Debug|Any CPU
		{7D85E163-EBD0-4533-8658-00EE482CADD9}.Debug|x64.Build.0 = Debug|Any CPU
		{7D85E163-EBD0-4533-8658-00EE482CADD9}.Debug|x86.ActiveCfg = Debug|Any CPU
		{7D85E163-EBD0-4533-8658-00EE482CADD9}.Debug|x86.Build.0 = Debug|Any CPU
		{7D85E163-EBD0-4533-8658-00EE482CADD9}.Release|Any CPU.ActiveCfg = Release|Any CPU
		{7D85E163-EBD0-4533-8658-00EE482CADD9}.Release|Any CPU.Build.0 = Release|Any CPU
		{7D85E163-EBD0-4533-8658-00EE482CADD9}.Release|ARM.ActiveCfg = Release|Any CPU
		{7D85E163-EBD0-4533-8658-00EE482CADD9}.Release|ARM.Build.0 = Release|Any CPU
		{7D85E163-EBD0-4533-8658-00EE482CADD9}.Release|ARM64.ActiveCfg = Release|Any CPU
		{7D85E163-EBD0-4533-8658-00EE482CADD9}.Release|ARM64.Build.0 = Release|Any CPU
		{7D85E163-EBD0-4533-8658-00EE482CADD9}.Release|x64.ActiveCfg = Release|Any CPU
		{7D85E163-EBD0-4533-8658-00EE482CADD9}.Release|x64.Build.0 = Release|Any CPU
		{7D85E163-EBD0-4533-8658-00EE482CADD9}.Release|x86.ActiveCfg = Release|Any CPU
		{7D85E163-EBD0-4533-8658-00EE482CADD9}.Release|x86.Build.0 = Release|Any CPU
		{630107FB-2FA9-4AA8-AF73-7FCBA70AE230}.Debug|Any CPU.ActiveCfg = Debug|Any CPU
		{630107FB-2FA9-4AA8-AF73-7FCBA70AE230}.Debug|Any CPU.Build.0 = Debug|Any CPU
		{630107FB-2FA9-4AA8-AF73-7FCBA70AE230}.Debug|ARM.ActiveCfg = Debug|Any CPU
		{630107FB-2FA9-4AA8-AF73-7FCBA70AE230}.Debug|ARM.Build.0 = Debug|Any CPU
		{630107FB-2FA9-4AA8-AF73-7FCBA70AE230}.Debug|ARM64.ActiveCfg = Debug|Any CPU
		{630107FB-2FA9-4AA8-AF73-7FCBA70AE230}.Debug|ARM64.Build.0 = Debug|Any CPU
		{630107FB-2FA9-4AA8-AF73-7FCBA70AE230}.Debug|x64.ActiveCfg = Debug|Any CPU
		{630107FB-2FA9-4AA8-AF73-7FCBA70AE230}.Debug|x64.Build.0 = Debug|Any CPU
		{630107FB-2FA9-4AA8-AF73-7FCBA70AE230}.Debug|x86.ActiveCfg = Debug|Any CPU
		{630107FB-2FA9-4AA8-AF73-7FCBA70AE230}.Debug|x86.Build.0 = Debug|Any CPU
		{630107FB-2FA9-4AA8-AF73-7FCBA70AE230}.Release|Any CPU.ActiveCfg = Release|Any CPU
		{630107FB-2FA9-4AA8-AF73-7FCBA70AE230}.Release|Any CPU.Build.0 = Release|Any CPU
		{630107FB-2FA9-4AA8-AF73-7FCBA70AE230}.Release|ARM.ActiveCfg = Release|Any CPU
		{630107FB-2FA9-4AA8-AF73-7FCBA70AE230}.Release|ARM.Build.0 = Release|Any CPU
		{630107FB-2FA9-4AA8-AF73-7FCBA70AE230}.Release|ARM64.ActiveCfg = Release|Any CPU
		{630107FB-2FA9-4AA8-AF73-7FCBA70AE230}.Release|ARM64.Build.0 = Release|Any CPU
		{630107FB-2FA9-4AA8-AF73-7FCBA70AE230}.Release|x64.ActiveCfg = Release|Any CPU
		{630107FB-2FA9-4AA8-AF73-7FCBA70AE230}.Release|x64.Build.0 = Release|Any CPU
		{630107FB-2FA9-4AA8-AF73-7FCBA70AE230}.Release|x86.ActiveCfg = Release|Any CPU
		{630107FB-2FA9-4AA8-AF73-7FCBA70AE230}.Release|x86.Build.0 = Release|Any CPU
		{7AFA07E0-9D11-41AC-B061-0E20180713A1}.Debug|Any CPU.ActiveCfg = Debug|Any CPU
		{7AFA07E0-9D11-41AC-B061-0E20180713A1}.Debug|Any CPU.Build.0 = Debug|Any CPU
		{7AFA07E0-9D11-41AC-B061-0E20180713A1}.Debug|ARM.ActiveCfg = Debug|Any CPU
		{7AFA07E0-9D11-41AC-B061-0E20180713A1}.Debug|ARM.Build.0 = Debug|Any CPU
		{7AFA07E0-9D11-41AC-B061-0E20180713A1}.Debug|ARM64.ActiveCfg = Debug|Any CPU
		{7AFA07E0-9D11-41AC-B061-0E20180713A1}.Debug|ARM64.Build.0 = Debug|Any CPU
		{7AFA07E0-9D11-41AC-B061-0E20180713A1}.Debug|x64.ActiveCfg = Debug|Any CPU
		{7AFA07E0-9D11-41AC-B061-0E20180713A1}.Debug|x64.Build.0 = Debug|Any CPU
		{7AFA07E0-9D11-41AC-B061-0E20180713A1}.Debug|x86.ActiveCfg = Debug|Any CPU
		{7AFA07E0-9D11-41AC-B061-0E20180713A1}.Debug|x86.Build.0 = Debug|Any CPU
		{7AFA07E0-9D11-41AC-B061-0E20180713A1}.Release|Any CPU.ActiveCfg = Release|Any CPU
		{7AFA07E0-9D11-41AC-B061-0E20180713A1}.Release|Any CPU.Build.0 = Release|Any CPU
		{7AFA07E0-9D11-41AC-B061-0E20180713A1}.Release|ARM.ActiveCfg = Release|Any CPU
		{7AFA07E0-9D11-41AC-B061-0E20180713A1}.Release|ARM.Build.0 = Release|Any CPU
		{7AFA07E0-9D11-41AC-B061-0E20180713A1}.Release|ARM64.ActiveCfg = Release|Any CPU
		{7AFA07E0-9D11-41AC-B061-0E20180713A1}.Release|ARM64.Build.0 = Release|Any CPU
		{7AFA07E0-9D11-41AC-B061-0E20180713A1}.Release|x64.ActiveCfg = Release|Any CPU
		{7AFA07E0-9D11-41AC-B061-0E20180713A1}.Release|x64.Build.0 = Release|Any CPU
		{7AFA07E0-9D11-41AC-B061-0E20180713A1}.Release|x86.ActiveCfg = Release|Any CPU
		{7AFA07E0-9D11-41AC-B061-0E20180713A1}.Release|x86.Build.0 = Release|Any CPU
	EndGlobalSection
	GlobalSection(SolutionProperties) = preSolution
		HideSolutionNode = FALSE
	EndGlobalSection
	GlobalSection(ExtensibilityGlobals) = postSolution
		SolutionGuid = {7AB79736-5614-48CC-B6CF-7F76418517F3}
	EndGlobalSection
EndGlobal
